// !$*UTF8*$!
{
	archiveVersion = 1;
	classes = {
	};
	objectVersion = 46;
	objects = {

/* Begin PBXBuildFile section */
		0742EA941AEC68EA002D942A /* Images.xcassets in Resources */ = {isa = PBXBuildFile; fileRef = 0742EA8D1AEC68EA002D942A /* Images.xcassets */; };
		0742EA951AEC68EA002D942A /* BaseConversion.json in Resources */ = {isa = PBXBuildFile; fileRef = 0742EA8F1AEC68EA002D942A /* BaseConversion.json */; };
		0742EA961AEC68EA002D942A /* Currencies.json in Resources */ = {isa = PBXBuildFile; fileRef = 0742EA901AEC68EA002D942A /* Currencies.json */; };
		0742EA971AEC68EA002D942A /* HistoricalDataBetweenTwoCurrencies.json in Resources */ = {isa = PBXBuildFile; fileRef = 0742EA911AEC68EA002D942A /* HistoricalDataBetweenTwoCurrencies.json */; };
		0742EA981AEC68EA002D942A /* ListCurrencySymbol.json in Resources */ = {isa = PBXBuildFile; fileRef = 0742EA921AEC68EA002D942A /* ListCurrencySymbol.json */; };
		0742EA991AEC68EA002D942A /* Locale.json in Resources */ = {isa = PBXBuildFile; fileRef = 0742EA931AEC68EA002D942A /* Locale.json */; };
		0759DDB51AEF4745006D046B /* DictionaryUtils.swift in Sources */ = {isa = PBXBuildFile; fileRef = 0759DDB41AEF4745006D046B /* DictionaryUtils.swift */; };
		0759DDB71AEF4978006D046B /* DateUtils.swift in Sources */ = {isa = PBXBuildFile; fileRef = 0759DDB61AEF4978006D046B /* DateUtils.swift */; };
		07851AF01AEF3D7F00DAD5CB /* CurrencyRatesUtils.swift in Sources */ = {isa = PBXBuildFile; fileRef = 07851AEF1AEF3D7F00DAD5CB /* CurrencyRatesUtils.swift */; };
		07851AF41AEF40CA00DAD5CB /* CurrencyRates.swift in Sources */ = {isa = PBXBuildFile; fileRef = 07851AF31AEF40CA00DAD5CB /* CurrencyRates.swift */; };
		07A0DD5F1AEC817700005589 /* CurrencyConverter.xcdatamodeld in Sources */ = {isa = PBXBuildFile; fileRef = 07A0DD5D1AEC817700005589 /* CurrencyConverter.xcdatamodeld */; };
		07A0DD611AEC818100005589 /* DataManager.swift in Sources */ = {isa = PBXBuildFile; fileRef = 07A0DD601AEC818100005589 /* DataManager.swift */; };
		07A0DD631AEC833C00005589 /* Constants.swift in Sources */ = {isa = PBXBuildFile; fileRef = 07A0DD621AEC833C00005589 /* Constants.swift */; };
		07A0DD751AEC949800005589 /* DataManagerUtils.swift in Sources */ = {isa = PBXBuildFile; fileRef = 07A0DD741AEC949800005589 /* DataManagerUtils.swift */; };
		07B476D01AEC4B09005D424D /* AppDelegate.swift in Sources */ = {isa = PBXBuildFile; fileRef = 07B476CF1AEC4B09005D424D /* AppDelegate.swift */; };
		07B476D81AEC4B09005D424D /* Main.storyboard in Resources */ = {isa = PBXBuildFile; fileRef = 07B476D61AEC4B09005D424D /* Main.storyboard */; };
		07B476DD1AEC4B09005D424D /* LaunchScreen.xib in Resources */ = {isa = PBXBuildFile; fileRef = 07B476DB1AEC4B09005D424D /* LaunchScreen.xib */; };
		07B476E91AEC4B09005D424D /* CurrencyConverterTests.swift in Sources */ = {isa = PBXBuildFile; fileRef = 07B476E81AEC4B09005D424D /* CurrencyConverterTests.swift */; };
		07B476F41AEC4D6B005D424D /* WebServiceClient.swift in Sources */ = {isa = PBXBuildFile; fileRef = 07B476F31AEC4D6B005D424D /* WebServiceClient.swift */; };
		07B476F91AEC4DAD005D424D /* ViewController.swift in Sources */ = {isa = PBXBuildFile; fileRef = 07B476F81AEC4DAD005D424D /* ViewController.swift */; };
		07EB126C1AEEA20C00FB3B96 /* CurrencyUtils.swift in Sources */ = {isa = PBXBuildFile; fileRef = 07EB126B1AEEA20C00FB3B96 /* CurrencyUtils.swift */; };
		07FF484A1AFE0E9A004175E9 /* HistoricalDatesUtils.swift in Sources */ = {isa = PBXBuildFile; fileRef = 07FF48491AFE0E9A004175E9 /* HistoricalDatesUtils.swift */; };
		07FF48501AFE1018004175E9 /* HistoricalRates.swift in Sources */ = {isa = PBXBuildFile; fileRef = 07FF484F1AFE1018004175E9 /* HistoricalRates.swift */; };
		07FF48521AFE14B3004175E9 /* SelectedCurrenciesViewController.swift in Sources */ = {isa = PBXBuildFile; fileRef = 07FF48511AFE14B3004175E9 /* SelectedCurrenciesViewController.swift */; };
		07FF48541AFE1571004175E9 /* AddCurrencyViewController.swift in Sources */ = {isa = PBXBuildFile; fileRef = 07FF48531AFE1571004175E9 /* AddCurrencyViewController.swift */; };
		07FF48561AFE158D004175E9 /* SettingsViewController.swift in Sources */ = {isa = PBXBuildFile; fileRef = 07FF48551AFE158D004175E9 /* SettingsViewController.swift */; };
		07FF485A1AFE17E7004175E9 /* Currency.swift in Sources */ = {isa = PBXBuildFile; fileRef = 07FF48591AFE17E7004175E9 /* Currency.swift */; };
		EE5E0A3415A4FF033EF069F9 /* Pods.framework in Frameworks */ = {isa = PBXBuildFile; fileRef = D6BD9464569B5EFDEAAB8794 /* Pods.framework */; settings = {ATTRIBUTES = (Weak, ); }; };
/* End PBXBuildFile section */

/* Begin PBXContainerItemProxy section */
		07B476E31AEC4B09005D424D /* PBXContainerItemProxy */ = {
			isa = PBXContainerItemProxy;
			containerPortal = 07B476C21AEC4B09005D424D /* Project object */;
			proxyType = 1;
			remoteGlobalIDString = 07B476C91AEC4B09005D424D;
			remoteInfo = CurrencyConverter;
		};
/* End PBXContainerItemProxy section */

/* Begin PBXFileReference section */
		0742EA8D1AEC68EA002D942A /* Images.xcassets */ = {isa = PBXFileReference; lastKnownFileType = folder.assetcatalog; path = Images.xcassets; sourceTree = "<group>"; };
		0742EA8F1AEC68EA002D942A /* BaseConversion.json */ = {isa = PBXFileReference; fileEncoding = 4; lastKnownFileType = text.json; path = BaseConversion.json; sourceTree = "<group>"; };
		0742EA901AEC68EA002D942A /* Currencies.json */ = {isa = PBXFileReference; fileEncoding = 4; lastKnownFileType = text.json; path = Currencies.json; sourceTree = "<group>"; };
		0742EA911AEC68EA002D942A /* HistoricalDataBetweenTwoCurrencies.json */ = {isa = PBXFileReference; fileEncoding = 4; lastKnownFileType = text.json; path = HistoricalDataBetweenTwoCurrencies.json; sourceTree = "<group>"; };
		0742EA921AEC68EA002D942A /* ListCurrencySymbol.json */ = {isa = PBXFileReference; fileEncoding = 4; lastKnownFileType = text.json; path = ListCurrencySymbol.json; sourceTree = "<group>"; };
		0742EA931AEC68EA002D942A /* Locale.json */ = {isa = PBXFileReference; fileEncoding = 4; lastKnownFileType = text.json; path = Locale.json; sourceTree = "<group>"; };
		0759DDB41AEF4745006D046B /* DictionaryUtils.swift */ = {isa = PBXFileReference; fileEncoding = 4; lastKnownFileType = sourcecode.swift; path = DictionaryUtils.swift; sourceTree = "<group>"; };
		0759DDB61AEF4978006D046B /* DateUtils.swift */ = {isa = PBXFileReference; fileEncoding = 4; lastKnownFileType = sourcecode.swift; path = DateUtils.swift; sourceTree = "<group>"; };
		07851AEF1AEF3D7F00DAD5CB /* CurrencyRatesUtils.swift */ = {isa = PBXFileReference; fileEncoding = 4; lastKnownFileType = sourcecode.swift; path = CurrencyRatesUtils.swift; sourceTree = "<group>"; };
		07851AF31AEF40CA00DAD5CB /* CurrencyRates.swift */ = {isa = PBXFileReference; fileEncoding = 4; lastKnownFileType = sourcecode.swift; path = CurrencyRates.swift; sourceTree = "<group>"; };
		07A0DD5E1AEC817700005589 /* CurrencyConverter.xcdatamodel */ = {isa = PBXFileReference; lastKnownFileType = wrapper.xcdatamodel; path = CurrencyConverter.xcdatamodel; sourceTree = "<group>"; };
		07A0DD601AEC818100005589 /* DataManager.swift */ = {isa = PBXFileReference; fileEncoding = 4; lastKnownFileType = sourcecode.swift; path = DataManager.swift; sourceTree = "<group>"; };
		07A0DD621AEC833C00005589 /* Constants.swift */ = {isa = PBXFileReference; fileEncoding = 4; lastKnownFileType = sourcecode.swift; path = Constants.swift; sourceTree = "<group>"; };
		07A0DD741AEC949800005589 /* DataManagerUtils.swift */ = {isa = PBXFileReference; fileEncoding = 4; lastKnownFileType = sourcecode.swift; path = DataManagerUtils.swift; sourceTree = "<group>"; };
		07B476CA1AEC4B09005D424D /* CurrencyConverter.app */ = {isa = PBXFileReference; explicitFileType = wrapper.application; includeInIndex = 0; path = CurrencyConverter.app; sourceTree = BUILT_PRODUCTS_DIR; };
		07B476CE1AEC4B09005D424D /* Info.plist */ = {isa = PBXFileReference; lastKnownFileType = text.plist.xml; path = Info.plist; sourceTree = "<group>"; };
		07B476CF1AEC4B09005D424D /* AppDelegate.swift */ = {isa = PBXFileReference; lastKnownFileType = sourcecode.swift; path = AppDelegate.swift; sourceTree = "<group>"; };
		07B476D71AEC4B09005D424D /* Base */ = {isa = PBXFileReference; lastKnownFileType = file.storyboard; name = Base; path = Base.lproj/Main.storyboard; sourceTree = "<group>"; };
		07B476DC1AEC4B09005D424D /* Base */ = {isa = PBXFileReference; lastKnownFileType = file.xib; name = Base; path = Base.lproj/LaunchScreen.xib; sourceTree = "<group>"; };
		07B476E21AEC4B09005D424D /* CurrencyConverterTests.xctest */ = {isa = PBXFileReference; explicitFileType = wrapper.cfbundle; includeInIndex = 0; path = CurrencyConverterTests.xctest; sourceTree = BUILT_PRODUCTS_DIR; };
		07B476E71AEC4B09005D424D /* Info.plist */ = {isa = PBXFileReference; lastKnownFileType = text.plist.xml; path = Info.plist; sourceTree = "<group>"; };
		07B476E81AEC4B09005D424D /* CurrencyConverterTests.swift */ = {isa = PBXFileReference; lastKnownFileType = sourcecode.swift; path = CurrencyConverterTests.swift; sourceTree = "<group>"; };
		07B476F31AEC4D6B005D424D /* WebServiceClient.swift */ = {isa = PBXFileReference; fileEncoding = 4; lastKnownFileType = sourcecode.swift; path = WebServiceClient.swift; sourceTree = "<group>"; };
		07B476F81AEC4DAD005D424D /* ViewController.swift */ = {isa = PBXFileReference; fileEncoding = 4; lastKnownFileType = sourcecode.swift; path = ViewController.swift; sourceTree = "<group>"; };
		07E19B16C0EF766FCEA8BCC2 /* Pods.release.xcconfig */ = {isa = PBXFileReference; includeInIndex = 1; lastKnownFileType = text.xcconfig; name = Pods.release.xcconfig; path = "Pods/Target Support Files/Pods/Pods.release.xcconfig"; sourceTree = "<group>"; };
		07EB126B1AEEA20C00FB3B96 /* CurrencyUtils.swift */ = {isa = PBXFileReference; fileEncoding = 4; lastKnownFileType = sourcecode.swift; path = CurrencyUtils.swift; sourceTree = "<group>"; };
		07FF48491AFE0E9A004175E9 /* HistoricalDatesUtils.swift */ = {isa = PBXFileReference; fileEncoding = 4; lastKnownFileType = sourcecode.swift; path = HistoricalDatesUtils.swift; sourceTree = "<group>"; };
		07FF484F1AFE1018004175E9 /* HistoricalRates.swift */ = {isa = PBXFileReference; fileEncoding = 4; lastKnownFileType = sourcecode.swift; name = HistoricalRates.swift; path = CurrencyConverter/Model/ManagedObjects/HistoricalRates.swift; sourceTree = SOURCE_ROOT; };
		07FF48511AFE14B3004175E9 /* SelectedCurrenciesViewController.swift */ = {isa = PBXFileReference; fileEncoding = 4; lastKnownFileType = sourcecode.swift; path = SelectedCurrenciesViewController.swift; sourceTree = "<group>"; };
		07FF48531AFE1571004175E9 /* AddCurrencyViewController.swift */ = {isa = PBXFileReference; fileEncoding = 4; lastKnownFileType = sourcecode.swift; path = AddCurrencyViewController.swift; sourceTree = "<group>"; };
		07FF48551AFE158D004175E9 /* SettingsViewController.swift */ = {isa = PBXFileReference; fileEncoding = 4; lastKnownFileType = sourcecode.swift; path = SettingsViewController.swift; sourceTree = "<group>"; };
		07FF48591AFE17E7004175E9 /* Currency.swift */ = {isa = PBXFileReference; fileEncoding = 4; lastKnownFileType = sourcecode.swift; name = Currency.swift; path = CurrencyConverter/Model/ManagedObjects/Currency.swift; sourceTree = SOURCE_ROOT; };
		86640477D9FA0F70BEBA9792 /* Pods.debug.xcconfig */ = {isa = PBXFileReference; includeInIndex = 1; lastKnownFileType = text.xcconfig; name = Pods.debug.xcconfig; path = "Pods/Target Support Files/Pods/Pods.debug.xcconfig"; sourceTree = "<group>"; };
		D6BD9464569B5EFDEAAB8794 /* Pods.framework */ = {isa = PBXFileReference; explicitFileType = wrapper.framework; includeInIndex = 0; path = Pods.framework; sourceTree = BUILT_PRODUCTS_DIR; };
/* End PBXFileReference section */

/* Begin PBXFrameworksBuildPhase section */
		07B476C71AEC4B09005D424D /* Frameworks */ = {
			isa = PBXFrameworksBuildPhase;
			buildActionMask = 2147483647;
			files = (
				EE5E0A3415A4FF033EF069F9 /* Pods.framework in Frameworks */,
			);
			runOnlyForDeploymentPostprocessing = 0;
		};
		07B476DF1AEC4B09005D424D /* Frameworks */ = {
			isa = PBXFrameworksBuildPhase;
			buildActionMask = 2147483647;
			files = (
			);
			runOnlyForDeploymentPostprocessing = 0;
		};
/* End PBXFrameworksBuildPhase section */

/* Begin PBXGroup section */
		072F78081AEF470500432A46 /* Utils */ = {
			isa = PBXGroup;
			children = (
				0759DDB41AEF4745006D046B /* DictionaryUtils.swift */,
				0759DDB61AEF4978006D046B /* DateUtils.swift */,
			);
			path = Utils;
			sourceTree = "<group>";
		};
		0742EA8B1AEC68EA002D942A /* Resources */ = {
			isa = PBXGroup;
			children = (
				0742EA8C1AEC68EA002D942A /* assets */,
				0742EA8E1AEC68EA002D942A /* json */,
			);
			path = Resources;
			sourceTree = "<group>";
		};
		0742EA8C1AEC68EA002D942A /* assets */ = {
			isa = PBXGroup;
			children = (
				0742EA8D1AEC68EA002D942A /* Images.xcassets */,
			);
			path = assets;
			sourceTree = "<group>";
		};
		0742EA8E1AEC68EA002D942A /* json */ = {
			isa = PBXGroup;
			children = (
				0742EA8F1AEC68EA002D942A /* BaseConversion.json */,
				0742EA901AEC68EA002D942A /* Currencies.json */,
				0742EA911AEC68EA002D942A /* HistoricalDataBetweenTwoCurrencies.json */,
				0742EA921AEC68EA002D942A /* ListCurrencySymbol.json */,
				0742EA931AEC68EA002D942A /* Locale.json */,
			);
			path = json;
			sourceTree = "<group>";
		};
		07B18E191AEC8C0800BC0933 /* Extensions */ = {
			isa = PBXGroup;
			children = (
				07EB126B1AEEA20C00FB3B96 /* CurrencyUtils.swift */,
				07851AEF1AEF3D7F00DAD5CB /* CurrencyRatesUtils.swift */,
				07FF48491AFE0E9A004175E9 /* HistoricalDatesUtils.swift */,
			);
			path = Extensions;
			sourceTree = "<group>";
		};
		07B18E1A1AEC8C0800BC0933 /* ManagedObjects */ = {
			isa = PBXGroup;
			children = (
				07FF48591AFE17E7004175E9 /* Currency.swift */,
				07FF484F1AFE1018004175E9 /* HistoricalRates.swift */,
				07851AF31AEF40CA00DAD5CB /* CurrencyRates.swift */,
			);
			path = ManagedObjects;
			sourceTree = "<group>";
		};
		07B476C11AEC4B09005D424D = {
			isa = PBXGroup;
			children = (
				07B476CC1AEC4B09005D424D /* CurrencyConverter */,
				07B476E51AEC4B09005D424D /* CurrencyConverterTests */,
				07B476CB1AEC4B09005D424D /* Products */,
				A1CCE80C75069573A1E8E076 /* Pods */,
				60600D5BA9CC6D840654190A /* Frameworks */,
			);
			sourceTree = "<group>";
		};
		07B476CB1AEC4B09005D424D /* Products */ = {
			isa = PBXGroup;
			children = (
				07B476CA1AEC4B09005D424D /* CurrencyConverter.app */,
				07B476E21AEC4B09005D424D /* CurrencyConverterTests.xctest */,
			);
			name = Products;
			sourceTree = "<group>";
		};
		07B476CC1AEC4B09005D424D /* CurrencyConverter */ = {
			isa = PBXGroup;
			children = (
				072F78081AEF470500432A46 /* Utils */,
				07CD87AD1AEC815A00ED7DE4 /* Model */,
				07CD87AC1AEC815A00ED7DE4 /* CoreData */,
				07B476F61AEC4D91005D424D /* Views */,
				07B476F71AEC4D91005D424D /* ViewControllers */,
				07B476F21AEC4D54005D424D /* WebServices */,
				0742EA8B1AEC68EA002D942A /* Resources */,
				07B476CF1AEC4B09005D424D /* AppDelegate.swift */,
				07B476D61AEC4B09005D424D /* Main.storyboard */,
				07B476DB1AEC4B09005D424D /* LaunchScreen.xib */,
				07B476CD1AEC4B09005D424D /* Supporting Files */,
			);
			path = CurrencyConverter;
			sourceTree = "<group>";
		};
		07B476CD1AEC4B09005D424D /* Supporting Files */ = {
			isa = PBXGroup;
			children = (
				07A0DD621AEC833C00005589 /* Constants.swift */,
				07B476CE1AEC4B09005D424D /* Info.plist */,
			);
			name = "Supporting Files";
			sourceTree = "<group>";
		};
		07B476E51AEC4B09005D424D /* CurrencyConverterTests */ = {
			isa = PBXGroup;
			children = (
				07B476E81AEC4B09005D424D /* CurrencyConverterTests.swift */,
				07B476E61AEC4B09005D424D /* Supporting Files */,
			);
			path = CurrencyConverterTests;
			sourceTree = "<group>";
		};
		07B476E61AEC4B09005D424D /* Supporting Files */ = {
			isa = PBXGroup;
			children = (
				07B476E71AEC4B09005D424D /* Info.plist */,
			);
			name = "Supporting Files";
			sourceTree = "<group>";
		};
		07B476F21AEC4D54005D424D /* WebServices */ = {
			isa = PBXGroup;
			children = (
				07B476F31AEC4D6B005D424D /* WebServiceClient.swift */,
			);
			path = WebServices;
			sourceTree = "<group>";
		};
		07B476F61AEC4D91005D424D /* Views */ = {
			isa = PBXGroup;
			children = (
			);
			name = Views;
			path = View;
			sourceTree = "<group>";
		};
		07B476F71AEC4D91005D424D /* ViewControllers */ = {
			isa = PBXGroup;
			children = (
				07B476F81AEC4DAD005D424D /* ViewController.swift */,
				07FF48511AFE14B3004175E9 /* SelectedCurrenciesViewController.swift */,
				07FF48531AFE1571004175E9 /* AddCurrencyViewController.swift */,
				07FF48551AFE158D004175E9 /* SettingsViewController.swift */,
			);
			name = ViewControllers;
			path = ViewController;
			sourceTree = "<group>";
		};
		07CD87AC1AEC815A00ED7DE4 /* CoreData */ = {
			isa = PBXGroup;
			children = (
				07A0DD5D1AEC817700005589 /* CurrencyConverter.xcdatamodeld */,
				07A0DD601AEC818100005589 /* DataManager.swift */,
				07A0DD741AEC949800005589 /* DataManagerUtils.swift */,
			);
			path = CoreData;
			sourceTree = "<group>";
		};
		07CD87AD1AEC815A00ED7DE4 /* Model */ = {
			isa = PBXGroup;
			children = (
				07B18E191AEC8C0800BC0933 /* Extensions */,
				07B18E1A1AEC8C0800BC0933 /* ManagedObjects */,
			);
			path = Model;
			sourceTree = "<group>";
		};
		60600D5BA9CC6D840654190A /* Frameworks */ = {
			isa = PBXGroup;
			children = (
				D6BD9464569B5EFDEAAB8794 /* Pods.framework */,
			);
			name = Frameworks;
			sourceTree = "<group>";
		};
		A1CCE80C75069573A1E8E076 /* Pods */ = {
			isa = PBXGroup;
			children = (
				86640477D9FA0F70BEBA9792 /* Pods.debug.xcconfig */,
				07E19B16C0EF766FCEA8BCC2 /* Pods.release.xcconfig */,
			);
			name = Pods;
			sourceTree = "<group>";
		};
/* End PBXGroup section */

/* Begin PBXNativeTarget section */
		07B476C91AEC4B09005D424D /* CurrencyConverter */ = {
			isa = PBXNativeTarget;
			buildConfigurationList = 07B476EC1AEC4B09005D424D /* Build configuration list for PBXNativeTarget "CurrencyConverter" */;
			buildPhases = (
				3C1EC92E56A14EADBA81D0A0 /* Check Pods Manifest.lock */,
				07B476C61AEC4B09005D424D /* Sources */,
				07B476C71AEC4B09005D424D /* Frameworks */,
				07B476C81AEC4B09005D424D /* Resources */,
				0D871F642E68B93248BC3CB0 /* Embed Pods Frameworks */,
				15B7AF92845E5C745A458DD3 /* Copy Pods Resources */,
			);
			buildRules = (
			);
			dependencies = (
			);
			name = CurrencyConverter;
			productName = CurrencyConverter;
			productReference = 07B476CA1AEC4B09005D424D /* CurrencyConverter.app */;
			productType = "com.apple.product-type.application";
		};
		07B476E11AEC4B09005D424D /* CurrencyConverterTests */ = {
			isa = PBXNativeTarget;
			buildConfigurationList = 07B476EF1AEC4B09005D424D /* Build configuration list for PBXNativeTarget "CurrencyConverterTests" */;
			buildPhases = (
				07B476DE1AEC4B09005D424D /* Sources */,
				07B476DF1AEC4B09005D424D /* Frameworks */,
				07B476E01AEC4B09005D424D /* Resources */,
			);
			buildRules = (
			);
			dependencies = (
				07B476E41AEC4B09005D424D /* PBXTargetDependency */,
			);
			name = CurrencyConverterTests;
			productName = CurrencyConverterTests;
			productReference = 07B476E21AEC4B09005D424D /* CurrencyConverterTests.xctest */;
			productType = "com.apple.product-type.bundle.unit-test";
		};
/* End PBXNativeTarget section */

/* Begin PBXProject section */
		07B476C21AEC4B09005D424D /* Project object */ = {
			isa = PBXProject;
			attributes = {
				LastUpgradeCheck = 0620;
				ORGANIZATIONNAME = "Jaikumar Bhambhwani";
				TargetAttributes = {
					07B476C91AEC4B09005D424D = {
						CreatedOnToolsVersion = 6.2;
					};
					07B476E11AEC4B09005D424D = {
						CreatedOnToolsVersion = 6.2;
						TestTargetID = 07B476C91AEC4B09005D424D;
					};
				};
			};
			buildConfigurationList = 07B476C51AEC4B09005D424D /* Build configuration list for PBXProject "CurrencyConverter" */;
			compatibilityVersion = "Xcode 3.2";
			developmentRegion = English;
			hasScannedForEncodings = 0;
			knownRegions = (
				en,
				Base,
			);
			mainGroup = 07B476C11AEC4B09005D424D;
			productRefGroup = 07B476CB1AEC4B09005D424D /* Products */;
			projectDirPath = "";
			projectRoot = "";
			targets = (
				07B476C91AEC4B09005D424D /* CurrencyConverter */,
				07B476E11AEC4B09005D424D /* CurrencyConverterTests */,
			);
		};
/* End PBXProject section */

/* Begin PBXResourcesBuildPhase section */
		07B476C81AEC4B09005D424D /* Resources */ = {
			isa = PBXResourcesBuildPhase;
			buildActionMask = 2147483647;
			files = (
				0742EA961AEC68EA002D942A /* Currencies.json in Resources */,
				0742EA951AEC68EA002D942A /* BaseConversion.json in Resources */,
				0742EA971AEC68EA002D942A /* HistoricalDataBetweenTwoCurrencies.json in Resources */,
				0742EA991AEC68EA002D942A /* Locale.json in Resources */,
				0742EA941AEC68EA002D942A /* Images.xcassets in Resources */,
				07B476D81AEC4B09005D424D /* Main.storyboard in Resources */,
				07B476DD1AEC4B09005D424D /* LaunchScreen.xib in Resources */,
				0742EA981AEC68EA002D942A /* ListCurrencySymbol.json in Resources */,
			);
			runOnlyForDeploymentPostprocessing = 0;
		};
		07B476E01AEC4B09005D424D /* Resources */ = {
			isa = PBXResourcesBuildPhase;
			buildActionMask = 2147483647;
			files = (
			);
			runOnlyForDeploymentPostprocessing = 0;
		};
/* End PBXResourcesBuildPhase section */

/* Begin PBXShellScriptBuildPhase section */
		0D871F642E68B93248BC3CB0 /* Embed Pods Frameworks */ = {
			isa = PBXShellScriptBuildPhase;
			buildActionMask = 2147483647;
			files = (
			);
			inputPaths = (
			);
			name = "Embed Pods Frameworks";
			outputPaths = (
			);
			runOnlyForDeploymentPostprocessing = 0;
			shellPath = /bin/sh;
			shellScript = "\"${SRCROOT}/Pods/Target Support Files/Pods/Pods-frameworks.sh\"\n";
			showEnvVarsInLog = 0;
		};
		15B7AF92845E5C745A458DD3 /* Copy Pods Resources */ = {
			isa = PBXShellScriptBuildPhase;
			buildActionMask = 2147483647;
			files = (
			);
			inputPaths = (
			);
			name = "Copy Pods Resources";
			outputPaths = (
			);
			runOnlyForDeploymentPostprocessing = 0;
			shellPath = /bin/sh;
			shellScript = "\"${SRCROOT}/Pods/Target Support Files/Pods/Pods-resources.sh\"\n";
			showEnvVarsInLog = 0;
		};
		3C1EC92E56A14EADBA81D0A0 /* Check Pods Manifest.lock */ = {
			isa = PBXShellScriptBuildPhase;
			buildActionMask = 2147483647;
			files = (
			);
			inputPaths = (
			);
			name = "Check Pods Manifest.lock";
			outputPaths = (
			);
			runOnlyForDeploymentPostprocessing = 0;
			shellPath = /bin/sh;
			shellScript = "diff \"${PODS_ROOT}/../Podfile.lock\" \"${PODS_ROOT}/Manifest.lock\" > /dev/null\nif [[ $? != 0 ]] ; then\n    cat << EOM\nerror: The sandbox is not in sync with the Podfile.lock. Run 'pod install' or update your CocoaPods installation.\nEOM\n    exit 1\nfi\n";
			showEnvVarsInLog = 0;
		};
/* End PBXShellScriptBuildPhase section */

/* Begin PBXSourcesBuildPhase section */
		07B476C61AEC4B09005D424D /* Sources */ = {
			isa = PBXSourcesBuildPhase;
			buildActionMask = 2147483647;
			files = (
				07B476D01AEC4B09005D424D /* AppDelegate.swift in Sources */,
				07A0DD611AEC818100005589 /* DataManager.swift in Sources */,
				07A0DD5F1AEC817700005589 /* CurrencyConverter.xcdatamodeld in Sources */,
				0759DDB71AEF4978006D046B /* DateUtils.swift in Sources */,
				07851AF41AEF40CA00DAD5CB /* CurrencyRates.swift in Sources */,
				07B476F91AEC4DAD005D424D /* ViewController.swift in Sources */,
				07EB126C1AEEA20C00FB3B96 /* CurrencyUtils.swift in Sources */,
				07FF48501AFE1018004175E9 /* HistoricalRates.swift in Sources */,
				07FF484A1AFE0E9A004175E9 /* HistoricalDatesUtils.swift in Sources */,
				07FF485A1AFE17E7004175E9 /* Currency.swift in Sources */,
				07A0DD751AEC949800005589 /* DataManagerUtils.swift in Sources */,
				07FF48541AFE1571004175E9 /* AddCurrencyViewController.swift in Sources */,
				07B476F41AEC4D6B005D424D /* WebServiceClient.swift in Sources */,
				07851AF01AEF3D7F00DAD5CB /* CurrencyRatesUtils.swift in Sources */,
				07A0DD631AEC833C00005589 /* Constants.swift in Sources */,
				0759DDB51AEF4745006D046B /* DictionaryUtils.swift in Sources */,
				07FF48521AFE14B3004175E9 /* SelectedCurrenciesViewController.swift in Sources */,
				07FF48561AFE158D004175E9 /* SettingsViewController.swift in Sources */,
			);
			runOnlyForDeploymentPostprocessing = 0;
		};
		07B476DE1AEC4B09005D424D /* Sources */ = {
			isa = PBXSourcesBuildPhase;
			buildActionMask = 2147483647;
			files = (
				07B476E91AEC4B09005D424D /* CurrencyConverterTests.swift in Sources */,
			);
			runOnlyForDeploymentPostprocessing = 0;
		};
/* End PBXSourcesBuildPhase section */

/* Begin PBXTargetDependency section */
		07B476E41AEC4B09005D424D /* PBXTargetDependency */ = {
			isa = PBXTargetDependency;
			target = 07B476C91AEC4B09005D424D /* CurrencyConverter */;
			targetProxy = 07B476E31AEC4B09005D424D /* PBXContainerItemProxy */;
		};
/* End PBXTargetDependency section */

/* Begin PBXVariantGroup section */
		07B476D61AEC4B09005D424D /* Main.storyboard */ = {
			isa = PBXVariantGroup;
			children = (
				07B476D71AEC4B09005D424D /* Base */,
			);
			name = Main.storyboard;
			sourceTree = "<group>";
		};
		07B476DB1AEC4B09005D424D /* LaunchScreen.xib */ = {
			isa = PBXVariantGroup;
			children = (
				07B476DC1AEC4B09005D424D /* Base */,
			);
			name = LaunchScreen.xib;
			sourceTree = "<group>";
		};
/* End PBXVariantGroup section */

/* Begin XCBuildConfiguration section */
		07B476EA1AEC4B09005D424D /* Debug */ = {
			isa = XCBuildConfiguration;
			buildSettings = {
				ALWAYS_SEARCH_USER_PATHS = NO;
				CLANG_CXX_LANGUAGE_STANDARD = "gnu++0x";
				CLANG_CXX_LIBRARY = "libc++";
				CLANG_ENABLE_MODULES = YES;
				CLANG_ENABLE_OBJC_ARC = YES;
				CLANG_WARN_BOOL_CONVERSION = YES;
				CLANG_WARN_CONSTANT_CONVERSION = YES;
				CLANG_WARN_DIRECT_OBJC_ISA_USAGE = YES_ERROR;
				CLANG_WARN_EMPTY_BODY = YES;
				CLANG_WARN_ENUM_CONVERSION = YES;
				CLANG_WARN_INT_CONVERSION = YES;
				CLANG_WARN_OBJC_ROOT_CLASS = YES_ERROR;
				CLANG_WARN_UNREACHABLE_CODE = YES;
				CLANG_WARN__DUPLICATE_METHOD_MATCH = YES;
				"CODE_SIGN_IDENTITY[sdk=iphoneos*]" = "iPhone Developer";
				COPY_PHASE_STRIP = NO;
				ENABLE_STRICT_OBJC_MSGSEND = YES;
				GCC_C_LANGUAGE_STANDARD = gnu99;
				GCC_DYNAMIC_NO_PIC = NO;
				GCC_OPTIMIZATION_LEVEL = 0;
				GCC_PREPROCESSOR_DEFINITIONS = (
					"DEBUG=1",
					"$(inherited)",
				);
				GCC_SYMBOLS_PRIVATE_EXTERN = NO;
				GCC_WARN_64_TO_32_BIT_CONVERSION = YES;
				GCC_WARN_ABOUT_RETURN_TYPE = YES_ERROR;
				GCC_WARN_UNDECLARED_SELECTOR = YES;
				GCC_WARN_UNINITIALIZED_AUTOS = YES_AGGRESSIVE;
				GCC_WARN_UNUSED_FUNCTION = YES;
				GCC_WARN_UNUSED_VARIABLE = YES;
				IPHONEOS_DEPLOYMENT_TARGET = 8.2;
				MTL_ENABLE_DEBUG_INFO = YES;
				ONLY_ACTIVE_ARCH = YES;
				SDKROOT = iphoneos;
				SWIFT_OPTIMIZATION_LEVEL = "-Onone";
				TARGETED_DEVICE_FAMILY = "1,2";
			};
			name = Debug;
		};
		07B476EB1AEC4B09005D424D /* Release */ = {
			isa = XCBuildConfiguration;
			buildSettings = {
				ALWAYS_SEARCH_USER_PATHS = NO;
				CLANG_CXX_LANGUAGE_STANDARD = "gnu++0x";
				CLANG_CXX_LIBRARY = "libc++";
				CLANG_ENABLE_MODULES = YES;
				CLANG_ENABLE_OBJC_ARC = YES;
				CLANG_WARN_BOOL_CONVERSION = YES;
				CLANG_WARN_CONSTANT_CONVERSION = YES;
				CLANG_WARN_DIRECT_OBJC_ISA_USAGE = YES_ERROR;
				CLANG_WARN_EMPTY_BODY = YES;
				CLANG_WARN_ENUM_CONVERSION = YES;
				CLANG_WARN_INT_CONVERSION = YES;
				CLANG_WARN_OBJC_ROOT_CLASS = YES_ERROR;
				CLANG_WARN_UNREACHABLE_CODE = YES;
				CLANG_WARN__DUPLICATE_METHOD_MATCH = YES;
				"CODE_SIGN_IDENTITY[sdk=iphoneos*]" = "iPhone Developer";
				COPY_PHASE_STRIP = NO;
				ENABLE_NS_ASSERTIONS = NO;
				ENABLE_STRICT_OBJC_MSGSEND = YES;
				GCC_C_LANGUAGE_STANDARD = gnu99;
				GCC_WARN_64_TO_32_BIT_CONVERSION = YES;
				GCC_WARN_ABOUT_RETURN_TYPE = YES_ERROR;
				GCC_WARN_UNDECLARED_SELECTOR = YES;
				GCC_WARN_UNINITIALIZED_AUTOS = YES_AGGRESSIVE;
				GCC_WARN_UNUSED_FUNCTION = YES;
				GCC_WARN_UNUSED_VARIABLE = YES;
				IPHONEOS_DEPLOYMENT_TARGET = 8.2;
				MTL_ENABLE_DEBUG_INFO = NO;
				SDKROOT = iphoneos;
				TARGETED_DEVICE_FAMILY = "1,2";
				VALIDATE_PRODUCT = YES;
			};
			name = Release;
		};
		07B476ED1AEC4B09005D424D /* Debug */ = {
			isa = XCBuildConfiguration;
			baseConfigurationReference = 86640477D9FA0F70BEBA9792 /* Pods.debug.xcconfig */;
			buildSettings = {
				ASSETCATALOG_COMPILER_APPICON_NAME = AppIcon;
				CURRENT_PROJECT_VERSION = 4;
				INFOPLIST_FILE = CurrencyConverter/Info.plist;
				LD_RUNPATH_SEARCH_PATHS = "$(inherited) @executable_path/Frameworks";
				PRODUCT_NAME = "$(TARGET_NAME)";
				VERSIONING_SYSTEM = "apple-generic";
			};
			name = Debug;
		};
		07B476EE1AEC4B09005D424D /* Release */ = {
			isa = XCBuildConfiguration;
			baseConfigurationReference = 07E19B16C0EF766FCEA8BCC2 /* Pods.release.xcconfig */;
			buildSettings = {
				ASSETCATALOG_COMPILER_APPICON_NAME = AppIcon;
				CURRENT_PROJECT_VERSION = 4;
				INFOPLIST_FILE = CurrencyConverter/Info.plist;
				LD_RUNPATH_SEARCH_PATHS = "$(inherited) @executable_path/Frameworks";
				PRODUCT_NAME = "$(TARGET_NAME)";
				VERSIONING_SYSTEM = "apple-generic";
			};
			name = Release;
		};
		07B476F01AEC4B09005D424D /* Debug */ = {
			isa = XCBuildConfiguration;
			buildSettings = {
				BUNDLE_LOADER = "$(TEST_HOST)";
				FRAMEWORK_SEARCH_PATHS = (
					"$(SDKROOT)/Developer/Library/Frameworks",
					"$(inherited)",
				);
				GCC_PREPROCESSOR_DEFINITIONS = (
					"DEBUG=1",
					"$(inherited)",
				);
				INFOPLIST_FILE = CurrencyConverterTests/Info.plist;
				LD_RUNPATH_SEARCH_PATHS = "$(inherited) @executable_path/Frameworks @loader_path/Frameworks";
				PRODUCT_NAME = "$(TARGET_NAME)";
				TEST_HOST = "$(BUILT_PRODUCTS_DIR)/CurrencyConverter.app/CurrencyConverter";
			};
			name = Debug;
		};
		07B476F11AEC4B09005D424D /* Release */ = {
			isa = XCBuildConfiguration;
			buildSettings = {
				BUNDLE_LOADER = "$(TEST_HOST)";
				FRAMEWORK_SEARCH_PATHS = (
					"$(SDKROOT)/Developer/Library/Frameworks",
					"$(inherited)",
				);
				INFOPLIST_FILE = CurrencyConverterTests/Info.plist;
				LD_RUNPATH_SEARCH_PATHS = "$(inherited) @executable_path/Frameworks @loader_path/Frameworks";
				PRODUCT_NAME = "$(TARGET_NAME)";
				TEST_HOST = "$(BUILT_PRODUCTS_DIR)/CurrencyConverter.app/CurrencyConverter";
			};
			name = Release;
		};
/* End XCBuildConfiguration section */

/* Begin XCConfigurationList section */
		07B476C51AEC4B09005D424D /* Build configuration list for PBXProject "CurrencyConverter" */ = {
			isa = XCConfigurationList;
			buildConfigurations = (
				07B476EA1AEC4B09005D424D /* Debug */,
				07B476EB1AEC4B09005D424D /* Release */,
			);
			defaultConfigurationIsVisible = 0;
			defaultConfigurationName = Release;
		};
		07B476EC1AEC4B09005D424D /* Build configuration list for PBXNativeTarget "CurrencyConverter" */ = {
			isa = XCConfigurationList;
			buildConfigurations = (
				07B476ED1AEC4B09005D424D /* Debug */,
				07B476EE1AEC4B09005D424D /* Release */,
			);
			defaultConfigurationIsVisible = 0;
			defaultConfigurationName = Release;
		};
		07B476EF1AEC4B09005D424D /* Build configuration list for PBXNativeTarget "CurrencyConverterTests" */ = {
			isa = XCConfigurationList;
			buildConfigurations = (
				07B476F01AEC4B09005D424D /* Debug */,
				07B476F11AEC4B09005D424D /* Release */,
			);
			defaultConfigurationIsVisible = 0;
			defaultConfigurationName = Release;
		};
/* End XCConfigurationList section */

/* Begin XCVersionGroup section */
		07A0DD5D1AEC817700005589 /* CurrencyConverter.xcdatamodeld */ = {
			isa = XCVersionGroup;
			children = (
				07A0DD5E1AEC817700005589 /* CurrencyConverter.xcdatamodel */,
			);
			currentVersion = 07A0DD5E1AEC817700005589 /* CurrencyConverter.xcdatamodel */;
			path = CurrencyConverter.xcdatamodeld;
			sourceTree = "<group>";
			versionGroupType = wrapper.xcdatamodel;
		};
/* End XCVersionGroup section */
	};
	rootObject = 07B476C21AEC4B09005D424D /* Project object */;
}
